
Microsoft Visual Studio Solution File, Format Version 12.00
# Visual Studio Version 17
VisualStudioVersion = 17.5.33516.290
MinimumVisualStudioVersion = 10.0.40219.1
Project("{FAE04EC0-301F-11D3-BF4B-00C04F79EFBC}") = "CSC595 FinalCode", "CSC595 FinalCode\CSC595 FinalCode.csproj", "{AAA236CB-7436-4442-AC7A-F1D8694E04AA}"
EndProject
Global
	GlobalSection(SolutionConfigurationPlatforms) = preSolution
		Debug|Any CPU = Debug|Any CPU
		Release|Any CPU = Release|Any CPU
	EndGlobalSection
	GlobalSection(ProjectConfigurationPlatforms) = postSolution
		{AAA236CB-7436-4442-AC7A-F1D8694E04AA}.Debug|Any CPU.ActiveCfg = Debug|Any CPU
		{AAA236CB-7436-4442-AC7A-F1D8694E04AA}.Debug|Any CPU.Build.0 = Debug|Any CPU
		{AAA236CB-7436-4442-AC7A-F1D8694E04AA}.Release|Any CPU.ActiveCfg = Release|Any CPU
		{AAA236CB-7436-4442-AC7A-F1D8694E04AA}.Release|Any CPU.Build.0 = Release|Any CPU
	EndGlobalSection
	GlobalSection(SolutionProperties) = preSolution
		HideSolutionNode = FALSE
	EndGlobalSection
	GlobalSection(ExtensibilityGlobals) = postSolution
		SolutionGuid = {50D4C652-E411-4AE4-8193-DF24A6BC886C}
	EndGlobalSection
EndGlobal
